
Microsoft Visual Studio Solution File, Format Version 12.00
# Visual Studio Version 17
VisualStudioVersion = 17.6.33829.357
MinimumVisualStudioVersion = 10.0.40219.1
Project("{FAE04EC0-301F-11D3-BF4B-00C04F79EFBC}") = "DZ1.TemirlanAshurov", "DZ1.TemirlanAshurov\DZ1.TemirlanAshurov.csproj", "{C9C13832-54A7-4321-8D17-7F3E60F1DA3F}"
EndProject
Global
	GlobalSection(SolutionConfigurationPlatforms) = preSolution
		Debug|Any CPU = Debug|Any CPU
		Release|Any CPU = Release|Any CPU
	EndGlobalSection
	GlobalSection(ProjectConfigurationPlatforms) = postSolution
		{C9C13832-54A7-4321-8D17-7F3E60F1DA3F}.Debug|Any CPU.ActiveCfg = Debug|Any CPU
		{C9C13832-54A7-4321-8D17-7F3E60F1DA3F}.Debug|Any CPU.Build.0 = Debug|Any CPU
		{C9C13832-54A7-4321-8D17-7F3E60F1DA3F}.Release|Any CPU.ActiveCfg = Release|Any CPU
		{C9C13832-54A7-4321-8D17-7F3E60F1DA3F}.Release|Any CPU.Build.0 = Release|Any CPU
	EndGlobalSection
	GlobalSection(SolutionProperties) = preSolution
		HideSolutionNode = FALSE
	EndGlobalSection
	GlobalSection(ExtensibilityGlobals) = postSolution
		SolutionGuid = {CA400750-1306-4589-A7FF-22722C40F50C}
	EndGlobalSection
EndGlobal
